
Microsoft Visual Studio Solution File, Format Version 12.00
# Visual Studio Version 16
VisualStudioVersion = 16.0.30128.74
MinimumVisualStudioVersion = 10.0.40219.1
Project("{9A19103F-16F7-4668-BE54-9A1E7A4F7556}") = "WebAPI", "WebAPI\WebAPI.csproj", "{8E1D5CFF-A49E-4E6B-965F-E44119F64443}"
EndProject
Project("{FAE04EC0-301F-11D3-BF4B-00C04F79EFBC}") = "Entities", "Entities\Entities.csproj", "{36377C71-1C7E-4E6B-BFA5-1E51E69CD620}"
EndProject
Global
	GlobalSection(SolutionConfigurationPlatforms) = preSolution
		Debug|Any CPU = Debug|Any CPU
		Release|Any CPU = Release|Any CPU
	EndGlobalSection
	GlobalSection(ProjectConfigurationPlatforms) = postSolution
		{8E1D5CFF-A49E-4E6B-965F-E44119F64443}.Debug|Any CPU.ActiveCfg = Debug|Any CPU
		{8E1D5CFF-A49E-4E6B-965F-E44119F64443}.Debug|Any CPU.Build.0 = Debug|Any CPU
		{8E1D5CFF-A49E-4E6B-965F-E44119F64443}.Release|Any CPU.ActiveCfg = Release|Any CPU
		{8E1D5CFF-A49E-4E6B-965F-E44119F64443}.Release|Any CPU.Build.0 = Release|Any CPU
		{36377C71-1C7E-4E6B-BFA5-1E51E69CD620}.Debug|Any CPU.ActiveCfg = Debug|Any CPU
		{36377C71-1C7E-4E6B-BFA5-1E51E69CD620}.Debug|Any CPU.Build.0 = Debug|Any CPU
		{36377C71-1C7E-4E6B-BFA5-1E51E69CD620}.Release|Any CPU.ActiveCfg = Release|Any CPU
		{36377C71-1C7E-4E6B-BFA5-1E51E69CD620}.Release|Any CPU.Build.0 = Release|Any CPU
	EndGlobalSection
	GlobalSection(SolutionProperties) = preSolution
		HideSolutionNode = FALSE
	EndGlobalSection
	GlobalSection(ExtensibilityGlobals) = postSolution
		SolutionGuid = {691FD414-DF1F-4D60-947A-40F6E6B8ED4E}
	EndGlobalSection
EndGlobal
